PODS:
  - MTDMulticastDelegate (1.0.1)
  - SCNRecorder (2.8.1):
    - MTDMulticastDelegate

DEPENDENCIES:
  - SCNRecorder (~> 2.8.1)

SPEC REPOS:
  trunk:
    - MTDMulticastDelegate
    - SCNRecorder

SPEC CHECKSUMS:
  MTDMulticastDelegate: dcedff914c281710e3faa64b79ff775741f25b4b
  SCNRecorder: dd694ba1c5cd541a58f0794a45d70262109c7024

PODFILE CHECKSUM: 744a3de1c2c6af4b7b769750ef90b3ef26abd774

COCOAPODS: 1.12.1
