// !$*UTF8*$!
{
	archiveVersion = 1;
	classes = {
	};
	objectVersion = 56;
	objects = {

/* Begin PBXBuildFile section */
		417F893700674E2234FDC825 /* Pods_FaceAR.framework in Frameworks */ = {isa = PBXBuildFile; fileRef = 0BC4629F823C80110E47F743 /* Pods_FaceAR.framework */; };
		BF7FC7712AC500C300EBDF11 /* CarouselView.swift in Sources */ = {isa = PBXBuildFile; fileRef = BF7FC7702AC500C300EBDF11 /* CarouselView.swift */; };
		BF7FC7732AC5019600EBDF11 /* CarouselCell.swift in Sources */ = {isa = PBXBuildFile; fileRef = BF7FC7722AC5019600EBDF11 /* CarouselCell.swift */; };
		BF7FC7752AC510D000EBDF11 /* CarouselViewModel.swift in Sources */ = {isa = PBXBuildFile; fileRef = BF7FC7742AC510D000EBDF11 /* CarouselViewModel.swift */; };
		BF7FC7772AC5306E00EBDF11 /* CarouselView+ScrollView.swift in Sources */ = {isa = PBXBuildFile; fileRef = BF7FC7762AC5306E00EBDF11 /* CarouselView+ScrollView.swift */; };
		BF7FC7792AC5316100EBDF11 /* CarouselConstants.swift in Sources */ = {isa = PBXBuildFile; fileRef = BF7FC7782AC5316100EBDF11 /* CarouselConstants.swift */; };
		BF7FC77B2AC53AD300EBDF11 /* Constants.swift in Sources */ = {isa = PBXBuildFile; fileRef = BF7FC77A2AC53AD300EBDF11 /* Constants.swift */; };
		BF7FC7802AC7841400EBDF11 /* VideoViewController+UI.swift in Sources */ = {isa = PBXBuildFile; fileRef = BF7FC77F2AC7841400EBDF11 /* VideoViewController+UI.swift */; };
		BF7FC7822AC785E600EBDF11 /* VideoViewController+ARSCNViewDelegate.swift in Sources */ = {isa = PBXBuildFile; fileRef = BF7FC7812AC785E600EBDF11 /* VideoViewController+ARSCNViewDelegate.swift */; };
		BF7FC7852AC78CAA00EBDF11 /* MoustacheSCNNode.swift in Sources */ = {isa = PBXBuildFile; fileRef = BF7FC7842AC78CAA00EBDF11 /* MoustacheSCNNode.swift */; };
		BF7FC7872AC8EE0F00EBDF11 /* CarouselViewDelegate.swift in Sources */ = {isa = PBXBuildFile; fileRef = BF7FC7862AC8EE0F00EBDF11 /* CarouselViewDelegate.swift */; };
		BF7FC7892AC8F01300EBDF11 /* CarouselView+CollectionView.swift in Sources */ = {isa = PBXBuildFile; fileRef = BF7FC7882AC8F01300EBDF11 /* CarouselView+CollectionView.swift */; };
		BF7FC78B2AC8F10F00EBDF11 /* VideoViewController+CarouselViewDelegate.swift in Sources */ = {isa = PBXBuildFile; fileRef = BF7FC78A2AC8F10F00EBDF11 /* VideoViewController+CarouselViewDelegate.swift */; };
		BF96E8B72ACB303E00ACCCBF /* VideoViewController+RecordButtonDelegate.swift in Sources */ = {isa = PBXBuildFile; fileRef = BF96E8B62ACB303E00ACCCBF /* VideoViewController+RecordButtonDelegate.swift */; };
		BF96E8BC2ACB34C700ACCCBF /* UIViewControllerExtension.swift in Sources */ = {isa = PBXBuildFile; fileRef = BF96E8BB2ACB34C700ACCCBF /* UIViewControllerExtension.swift */; };
		BFAD19DD2ACBB75A008838A7 /* PHPhotoLibraryExtension.swift in Sources */ = {isa = PBXBuildFile; fileRef = BFAD19DC2ACBB75A008838A7 /* PHPhotoLibraryExtension.swift */; };
		BFAD19E02ACBC1F8008838A7 /* RecordingListViewController.swift in Sources */ = {isa = PBXBuildFile; fileRef = BFAD19DF2ACBC1F8008838A7 /* RecordingListViewController.swift */; };
		BFAD19E32ACBC893008838A7 /* RecordingListViewModel.swift in Sources */ = {isa = PBXBuildFile; fileRef = BFAD19E22ACBC893008838A7 /* RecordingListViewModel.swift */; };
		BFAD19E52ACBDA14008838A7 /* RecordingListViewController+UI.swift in Sources */ = {isa = PBXBuildFile; fileRef = BFAD19E42ACBDA14008838A7 /* RecordingListViewController+UI.swift */; };
		BFAD19E72ACBE04B008838A7 /* RecordingListViewController+TableView.swift in Sources */ = {isa = PBXBuildFile; fileRef = BFAD19E62ACBE04B008838A7 /* RecordingListViewController+TableView.swift */; };
		BFC54A542ACC86B100681C72 /* RecordingListCell.swift in Sources */ = {isa = PBXBuildFile; fileRef = BFC54A532ACC86B100681C72 /* RecordingListCell.swift */; };
		BFC54A562ACC98FB00681C72 /* CustomAlertController.swift in Sources */ = {isa = PBXBuildFile; fileRef = BFC54A552ACC98FB00681C72 /* CustomAlertController.swift */; };
		BFC54A582ACCAA3400681C72 /* VideoViewController+CustomAlertControllerDelegate.swift in Sources */ = {isa = PBXBuildFile; fileRef = BFC54A572ACCAA3400681C72 /* VideoViewController+CustomAlertControllerDelegate.swift */; };
		BFC54A5A2ACCB12300681C72 /* RecordingSession.swift in Sources */ = {isa = PBXBuildFile; fileRef = BFC54A592ACCB12300681C72 /* RecordingSession.swift */; };
		BFC54A5D2ACD29D500681C72 /* FaceARModel.xcdatamodeld in Sources */ = {isa = PBXBuildFile; fileRef = BFC54A5B2ACD29D500681C72 /* FaceARModel.xcdatamodeld */; };
		BFC54A602ACD2B7B00681C72 /* DataPersistenceManager.swift in Sources */ = {isa = PBXBuildFile; fileRef = BFC54A5F2ACD2B7B00681C72 /* DataPersistenceManager.swift */; };
		BFE6ED4D2AC3558400471F75 /* AppDelegate.swift in Sources */ = {isa = PBXBuildFile; fileRef = BFE6ED4C2AC3558400471F75 /* AppDelegate.swift */; };
		BFE6ED4F2AC3558400471F75 /* SceneDelegate.swift in Sources */ = {isa = PBXBuildFile; fileRef = BFE6ED4E2AC3558400471F75 /* SceneDelegate.swift */; };
		BFE6ED562AC3558500471F75 /* Assets.xcassets in Resources */ = {isa = PBXBuildFile; fileRef = BFE6ED552AC3558500471F75 /* Assets.xcassets */; };
		BFE6ED592AC3558500471F75 /* LaunchScreen.storyboard in Resources */ = {isa = PBXBuildFile; fileRef = BFE6ED572AC3558500471F75 /* LaunchScreen.storyboard */; };
		BFE6ED622AC35A4400471F75 /* VideoViewController.swift in Sources */ = {isa = PBXBuildFile; fileRef = BFE6ED612AC35A4400471F75 /* VideoViewController.swift */; };
		BFE6ED662AC363F900471F75 /* RecordButton.swift in Sources */ = {isa = PBXBuildFile; fileRef = BFE6ED652AC363F900471F75 /* RecordButton.swift */; };
/* End PBXBuildFile section */

/* Begin PBXFileReference section */
		0BC4629F823C80110E47F743 /* Pods_FaceAR.framework */ = {isa = PBXFileReference; explicitFileType = wrapper.framework; includeInIndex = 0; path = Pods_FaceAR.framework; sourceTree = BUILT_PRODUCTS_DIR; };
		2ECDD25BB701713CD8373112 /* Pods-FaceAR.release.xcconfig */ = {isa = PBXFileReference; includeInIndex = 1; lastKnownFileType = text.xcconfig; name = "Pods-FaceAR.release.xcconfig"; path = "Target Support Files/Pods-FaceAR/Pods-FaceAR.release.xcconfig"; sourceTree = "<group>"; };
		BF7FC7702AC500C300EBDF11 /* CarouselView.swift */ = {isa = PBXFileReference; lastKnownFileType = sourcecode.swift; path = CarouselView.swift; sourceTree = "<group>"; };
		BF7FC7722AC5019600EBDF11 /* CarouselCell.swift */ = {isa = PBXFileReference; lastKnownFileType = sourcecode.swift; path = CarouselCell.swift; sourceTree = "<group>"; };
		BF7FC7742AC510D000EBDF11 /* CarouselViewModel.swift */ = {isa = PBXFileReference; lastKnownFileType = sourcecode.swift; path = CarouselViewModel.swift; sourceTree = "<group>"; };
		BF7FC7762AC5306E00EBDF11 /* CarouselView+ScrollView.swift */ = {isa = PBXFileReference; lastKnownFileType = sourcecode.swift; path = "CarouselView+ScrollView.swift"; sourceTree = "<group>"; };
		BF7FC7782AC5316100EBDF11 /* CarouselConstants.swift */ = {isa = PBXFileReference; lastKnownFileType = sourcecode.swift; path = CarouselConstants.swift; sourceTree = "<group>"; };
		BF7FC77A2AC53AD300EBDF11 /* Constants.swift */ = {isa = PBXFileReference; lastKnownFileType = sourcecode.swift; path = Constants.swift; sourceTree = "<group>"; };
		BF7FC77F2AC7841400EBDF11 /* VideoViewController+UI.swift */ = {isa = PBXFileReference; lastKnownFileType = sourcecode.swift; path = "VideoViewController+UI.swift"; sourceTree = "<group>"; };
		BF7FC7812AC785E600EBDF11 /* VideoViewController+ARSCNViewDelegate.swift */ = {isa = PBXFileReference; lastKnownFileType = sourcecode.swift; path = "VideoViewController+ARSCNViewDelegate.swift"; sourceTree = "<group>"; };
		BF7FC7842AC78CAA00EBDF11 /* MoustacheSCNNode.swift */ = {isa = PBXFileReference; lastKnownFileType = sourcecode.swift; path = MoustacheSCNNode.swift; sourceTree = "<group>"; };
		BF7FC7862AC8EE0F00EBDF11 /* CarouselViewDelegate.swift */ = {isa = PBXFileReference; lastKnownFileType = sourcecode.swift; path = CarouselViewDelegate.swift; sourceTree = "<group>"; };
		BF7FC7882AC8F01300EBDF11 /* CarouselView+CollectionView.swift */ = {isa = PBXFileReference; lastKnownFileType = sourcecode.swift; path = "CarouselView+CollectionView.swift"; sourceTree = "<group>"; };
		BF7FC78A2AC8F10F00EBDF11 /* VideoViewController+CarouselViewDelegate.swift */ = {isa = PBXFileReference; lastKnownFileType = sourcecode.swift; path = "VideoViewController+CarouselViewDelegate.swift"; sourceTree = "<group>"; };
		BF96E8B62ACB303E00ACCCBF /* VideoViewController+RecordButtonDelegate.swift */ = {isa = PBXFileReference; lastKnownFileType = sourcecode.swift; path = "VideoViewController+RecordButtonDelegate.swift"; sourceTree = "<group>"; };
		BF96E8BB2ACB34C700ACCCBF /* UIViewControllerExtension.swift */ = {isa = PBXFileReference; lastKnownFileType = sourcecode.swift; path = UIViewControllerExtension.swift; sourceTree = "<group>"; };
		BFAD19DC2ACBB75A008838A7 /* PHPhotoLibraryExtension.swift */ = {isa = PBXFileReference; lastKnownFileType = sourcecode.swift; path = PHPhotoLibraryExtension.swift; sourceTree = "<group>"; };
		BFAD19DF2ACBC1F8008838A7 /* RecordingListViewController.swift */ = {isa = PBXFileReference; lastKnownFileType = sourcecode.swift; path = RecordingListViewController.swift; sourceTree = "<group>"; };
		BFAD19E22ACBC893008838A7 /* RecordingListViewModel.swift */ = {isa = PBXFileReference; lastKnownFileType = sourcecode.swift; path = RecordingListViewModel.swift; sourceTree = "<group>"; };
		BFAD19E42ACBDA14008838A7 /* RecordingListViewController+UI.swift */ = {isa = PBXFileReference; lastKnownFileType = sourcecode.swift; path = "RecordingListViewController+UI.swift"; sourceTree = "<group>"; };
		BFAD19E62ACBE04B008838A7 /* RecordingListViewController+TableView.swift */ = {isa = PBXFileReference; lastKnownFileType = sourcecode.swift; path = "RecordingListViewController+TableView.swift"; sourceTree = "<group>"; };
		BFC54A532ACC86B100681C72 /* RecordingListCell.swift */ = {isa = PBXFileReference; lastKnownFileType = sourcecode.swift; path = RecordingListCell.swift; sourceTree = "<group>"; };
		BFC54A552ACC98FB00681C72 /* CustomAlertController.swift */ = {isa = PBXFileReference; lastKnownFileType = sourcecode.swift; path = CustomAlertController.swift; sourceTree = "<group>"; };
		BFC54A572ACCAA3400681C72 /* VideoViewController+CustomAlertControllerDelegate.swift */ = {isa = PBXFileReference; lastKnownFileType = sourcecode.swift; path = "VideoViewController+CustomAlertControllerDelegate.swift"; sourceTree = "<group>"; };
		BFC54A592ACCB12300681C72 /* RecordingSession.swift */ = {isa = PBXFileReference; lastKnownFileType = sourcecode.swift; path = RecordingSession.swift; sourceTree = "<group>"; };
		BFC54A5C2ACD29D500681C72 /* FaceARModel.xcdatamodel */ = {isa = PBXFileReference; lastKnownFileType = wrapper.xcdatamodel; path = FaceARModel.xcdatamodel; sourceTree = "<group>"; };
		BFC54A5F2ACD2B7B00681C72 /* DataPersistenceManager.swift */ = {isa = PBXFileReference; lastKnownFileType = sourcecode.swift; path = DataPersistenceManager.swift; sourceTree = "<group>"; };
		BFE6ED492AC3558400471F75 /* FaceAR.app */ = {isa = PBXFileReference; explicitFileType = wrapper.application; includeInIndex = 0; path = FaceAR.app; sourceTree = BUILT_PRODUCTS_DIR; };
		BFE6ED4C2AC3558400471F75 /* AppDelegate.swift */ = {isa = PBXFileReference; lastKnownFileType = sourcecode.swift; path = AppDelegate.swift; sourceTree = "<group>"; };
		BFE6ED4E2AC3558400471F75 /* SceneDelegate.swift */ = {isa = PBXFileReference; lastKnownFileType = sourcecode.swift; path = SceneDelegate.swift; sourceTree = "<group>"; };
		BFE6ED552AC3558500471F75 /* Assets.xcassets */ = {isa = PBXFileReference; lastKnownFileType = folder.assetcatalog; path = Assets.xcassets; sourceTree = "<group>"; };
		BFE6ED582AC3558500471F75 /* Base */ = {isa = PBXFileReference; lastKnownFileType = file.storyboard; name = Base; path = Base.lproj/LaunchScreen.storyboard; sourceTree = "<group>"; };
		BFE6ED5A2AC3558500471F75 /* Info.plist */ = {isa = PBXFileReference; lastKnownFileType = text.plist.xml; path = Info.plist; sourceTree = "<group>"; };
		BFE6ED612AC35A4400471F75 /* VideoViewController.swift */ = {isa = PBXFileReference; lastKnownFileType = sourcecode.swift; path = VideoViewController.swift; sourceTree = "<group>"; };
		BFE6ED652AC363F900471F75 /* RecordButton.swift */ = {isa = PBXFileReference; lastKnownFileType = sourcecode.swift; path = RecordButton.swift; sourceTree = "<group>"; };
		FA50B92A1792E3BB7D271021 /* Pods-FaceAR.debug.xcconfig */ = {isa = PBXFileReference; includeInIndex = 1; lastKnownFileType = text.xcconfig; name = "Pods-FaceAR.debug.xcconfig"; path = "Target Support Files/Pods-FaceAR/Pods-FaceAR.debug.xcconfig"; sourceTree = "<group>"; };
/* End PBXFileReference section */

/* Begin PBXFrameworksBuildPhase section */
		BFE6ED462AC3558400471F75 /* Frameworks */ = {
			isa = PBXFrameworksBuildPhase;
			buildActionMask = 2147483647;
			files = (
				417F893700674E2234FDC825 /* Pods_FaceAR.framework in Frameworks */,
			);
			runOnlyForDeploymentPostprocessing = 0;
		};
/* End PBXFrameworksBuildPhase section */

/* Begin PBXGroup section */
		17A9F2BA5EE8367253D4A6A2 /* Pods */ = {
			isa = PBXGroup;
			children = (
				FA50B92A1792E3BB7D271021 /* Pods-FaceAR.debug.xcconfig */,
				2ECDD25BB701713CD8373112 /* Pods-FaceAR.release.xcconfig */,
			);
			path = Pods;
			sourceTree = "<group>";
		};
		92C5BE3397FC524706372288 /* Frameworks */ = {
			isa = PBXGroup;
			children = (
				0BC4629F823C80110E47F743 /* Pods_FaceAR.framework */,
			);
			name = Frameworks;
			sourceTree = "<group>";
		};
		BF7FC76F2AC4FF9400EBDF11 /* CarouselView */ = {
			isa = PBXGroup;
			children = (
				BF7FC7702AC500C300EBDF11 /* CarouselView.swift */,
				BF7FC7722AC5019600EBDF11 /* CarouselCell.swift */,
				BF7FC7742AC510D000EBDF11 /* CarouselViewModel.swift */,
				BF7FC7762AC5306E00EBDF11 /* CarouselView+ScrollView.swift */,
				BF7FC7782AC5316100EBDF11 /* CarouselConstants.swift */,
				BF7FC7862AC8EE0F00EBDF11 /* CarouselViewDelegate.swift */,
				BF7FC7882AC8F01300EBDF11 /* CarouselView+CollectionView.swift */,
			);
			path = CarouselView;
			sourceTree = "<group>";
		};
		BF7FC77C2AC76E6700EBDF11 /* VideoViewController */ = {
			isa = PBXGroup;
			children = (
				BFE6ED612AC35A4400471F75 /* VideoViewController.swift */,
				BF7FC77F2AC7841400EBDF11 /* VideoViewController+UI.swift */,
				BF7FC7812AC785E600EBDF11 /* VideoViewController+ARSCNViewDelegate.swift */,
				BF7FC78A2AC8F10F00EBDF11 /* VideoViewController+CarouselViewDelegate.swift */,
				BF96E8B62ACB303E00ACCCBF /* VideoViewController+RecordButtonDelegate.swift */,
				BFC54A552ACC98FB00681C72 /* CustomAlertController.swift */,
				BFC54A572ACCAA3400681C72 /* VideoViewController+CustomAlertControllerDelegate.swift */,
			);
			path = VideoViewController;
			sourceTree = "<group>";
		};
		BF7FC7832AC78C7200EBDF11 /* Models */ = {
			isa = PBXGroup;
			children = (
				BF7FC7842AC78CAA00EBDF11 /* MoustacheSCNNode.swift */,
				BFC54A592ACCB12300681C72 /* RecordingSession.swift */,
			);
			path = Models;
			sourceTree = "<group>";
		};
		BF96E8BA2ACB34A900ACCCBF /* Extensions */ = {
			isa = PBXGroup;
			children = (
				BF96E8BB2ACB34C700ACCCBF /* UIViewControllerExtension.swift */,
				BFAD19DC2ACBB75A008838A7 /* PHPhotoLibraryExtension.swift */,
			);
			path = Extensions;
			sourceTree = "<group>";
		};
		BFAD19DE2ACBC1D5008838A7 /* RecordingListViewController */ = {
			isa = PBXGroup;
			children = (
				BFAD19DF2ACBC1F8008838A7 /* RecordingListViewController.swift */,
				BFAD19E42ACBDA14008838A7 /* RecordingListViewController+UI.swift */,
				BFAD19E62ACBE04B008838A7 /* RecordingListViewController+TableView.swift */,
				BFC54A532ACC86B100681C72 /* RecordingListCell.swift */,
			);
			path = RecordingListViewController;
			sourceTree = "<group>";
		};
		BFAD19E12ACBC853008838A7 /* ViewModels */ = {
			isa = PBXGroup;
			children = (
				BFAD19E22ACBC893008838A7 /* RecordingListViewModel.swift */,
			);
			path = ViewModels;
			sourceTree = "<group>";
		};
		BFC54A5E2ACD2A9F00681C72 /* Managers */ = {
			isa = PBXGroup;
			children = (
				BFC54A5F2ACD2B7B00681C72 /* DataPersistenceManager.swift */,
			);
			path = Managers;
			sourceTree = "<group>";
		};
		BFE6ED402AC3558400471F75 = {
			isa = PBXGroup;
			children = (
				BFE6ED4B2AC3558400471F75 /* FaceAR */,
				BFE6ED4A2AC3558400471F75 /* Products */,
				17A9F2BA5EE8367253D4A6A2 /* Pods */,
				92C5BE3397FC524706372288 /* Frameworks */,
			);
			sourceTree = "<group>";
		};
		BFE6ED4A2AC3558400471F75 /* Products */ = {
			isa = PBXGroup;
			children = (
				BFE6ED492AC3558400471F75 /* FaceAR.app */,
			);
			name = Products;
			sourceTree = "<group>";
		};
		BFE6ED4B2AC3558400471F75 /* FaceAR */ = {
			isa = PBXGroup;
			children = (
				BFC54A5E2ACD2A9F00681C72 /* Managers */,
				BFAD19E12ACBC853008838A7 /* ViewModels */,
				BF7FC7832AC78C7200EBDF11 /* Models */,
				BFE6ED642AC363D200471F75 /* Views */,
				BFE6ED602AC35A0B00471F75 /* Controllers */,
				BFE6ED632AC35B2800471F75 /* Resources */,
			);
			path = FaceAR;
			sourceTree = "<group>";
		};
		BFE6ED602AC35A0B00471F75 /* Controllers */ = {
			isa = PBXGroup;
			children = (
				BFAD19DE2ACBC1D5008838A7 /* RecordingListViewController */,
				BF7FC77C2AC76E6700EBDF11 /* VideoViewController */,
			);
			path = Controllers;
			sourceTree = "<group>";
		};
		BFE6ED632AC35B2800471F75 /* Resources */ = {
			isa = PBXGroup;
			children = (
				BF96E8BA2ACB34A900ACCCBF /* Extensions */,
				BFE6ED4C2AC3558400471F75 /* AppDelegate.swift */,
				BFE6ED4E2AC3558400471F75 /* SceneDelegate.swift */,
				BF7FC77A2AC53AD300EBDF11 /* Constants.swift */,
				BFE6ED552AC3558500471F75 /* Assets.xcassets */,
				BFE6ED572AC3558500471F75 /* LaunchScreen.storyboard */,
				BFE6ED5A2AC3558500471F75 /* Info.plist */,
				BFC54A5B2ACD29D500681C72 /* FaceARModel.xcdatamodeld */,
			);
			path = Resources;
			sourceTree = "<group>";
		};
		BFE6ED642AC363D200471F75 /* Views */ = {
			isa = PBXGroup;
			children = (
				BF7FC76F2AC4FF9400EBDF11 /* CarouselView */,
				BFE6ED652AC363F900471F75 /* RecordButton.swift */,
			);
			path = Views;
			sourceTree = "<group>";
		};
/* End PBXGroup section */

/* Begin PBXNativeTarget section */
		BFE6ED482AC3558400471F75 /* FaceAR */ = {
			isa = PBXNativeTarget;
			buildConfigurationList = BFE6ED5D2AC3558500471F75 /* Build configuration list for PBXNativeTarget "FaceAR" */;
			buildPhases = (
				CAB40ED56054DE3A8E234A4D /* [CP] Check Pods Manifest.lock */,
				BFE6ED452AC3558400471F75 /* Sources */,
				BFE6ED462AC3558400471F75 /* Frameworks */,
				BFE6ED472AC3558400471F75 /* Resources */,
				9862FC2EB113C2F4C364FEF9 /* [CP] Embed Pods Frameworks */,
			);
			buildRules = (
			);
			dependencies = (
			);
			name = FaceAR;
			productName = FaceAR;
			productReference = BFE6ED492AC3558400471F75 /* FaceAR.app */;
			productType = "com.apple.product-type.application";
		};
/* End PBXNativeTarget section */

/* Begin PBXProject section */
		BFE6ED412AC3558400471F75 /* Project object */ = {
			isa = PBXProject;
			attributes = {
				BuildIndependentTargetsInParallel = 1;
				LastSwiftUpdateCheck = 1430;
				LastUpgradeCheck = 1430;
				TargetAttributes = {
					BFE6ED482AC3558400471F75 = {
						CreatedOnToolsVersion = 14.3.1;
					};
				};
			};
			buildConfigurationList = BFE6ED442AC3558400471F75 /* Build configuration list for PBXProject "FaceAR" */;
			compatibilityVersion = "Xcode 14.0";
			developmentRegion = en;
			hasScannedForEncodings = 0;
			knownRegions = (
				en,
				Base,
			);
			mainGroup = BFE6ED402AC3558400471F75;
			productRefGroup = BFE6ED4A2AC3558400471F75 /* Products */;
			projectDirPath = "";
			projectRoot = "";
			targets = (
				BFE6ED482AC3558400471F75 /* FaceAR */,
			);
		};
/* End PBXProject section */

/* Begin PBXResourcesBuildPhase section */
		BFE6ED472AC3558400471F75 /* Resources */ = {
			isa = PBXResourcesBuildPhase;
			buildActionMask = 2147483647;
			files = (
				BFE6ED592AC3558500471F75 /* LaunchScreen.storyboard in Resources */,
				BFE6ED562AC3558500471F75 /* Assets.xcassets in Resources */,
			);
			runOnlyForDeploymentPostprocessing = 0;
		};
/* End PBXResourcesBuildPhase section */

/* Begin PBXShellScriptBuildPhase section */
		9862FC2EB113C2F4C364FEF9 /* [CP] Embed Pods Frameworks */ = {
			isa = PBXShellScriptBuildPhase;
			buildActionMask = 2147483647;
			files = (
			);
			inputFileListPaths = (
				"${PODS_ROOT}/Target Support Files/Pods-FaceAR/Pods-FaceAR-frameworks-${CONFIGURATION}-input-files.xcfilelist",
			);
			name = "[CP] Embed Pods Frameworks";
			outputFileListPaths = (
				"${PODS_ROOT}/Target Support Files/Pods-FaceAR/Pods-FaceAR-frameworks-${CONFIGURATION}-output-files.xcfilelist",
			);
			runOnlyForDeploymentPostprocessing = 0;
			shellPath = /bin/sh;
			shellScript = "\"${PODS_ROOT}/Target Support Files/Pods-FaceAR/Pods-FaceAR-frameworks.sh\"\n";
			showEnvVarsInLog = 0;
		};
		CAB40ED56054DE3A8E234A4D /* [CP] Check Pods Manifest.lock */ = {
			isa = PBXShellScriptBuildPhase;
			buildActionMask = 2147483647;
			files = (
			);
			inputFileListPaths = (
			);
			inputPaths = (
				"${PODS_PODFILE_DIR_PATH}/Podfile.lock",
				"${PODS_ROOT}/Manifest.lock",
			);
			name = "[CP] Check Pods Manifest.lock";
			outputFileListPaths = (
			);
			outputPaths = (
				"$(DERIVED_FILE_DIR)/Pods-FaceAR-checkManifestLockResult.txt",
			);
			runOnlyForDeploymentPostprocessing = 0;
			shellPath = /bin/sh;
			shellScript = "diff \"${PODS_PODFILE_DIR_PATH}/Podfile.lock\" \"${PODS_ROOT}/Manifest.lock\" > /dev/null\nif [ $? != 0 ] ; then\n    # print error to STDERR\n    echo \"error: The sandbox is not in sync with the Podfile.lock. Run 'pod install' or update your CocoaPods installation.\" >&2\n    exit 1\nfi\n# This output is used by Xcode 'outputs' to avoid re-running this script phase.\necho \"SUCCESS\" > \"${SCRIPT_OUTPUT_FILE_0}\"\n";
			showEnvVarsInLog = 0;
		};
/* End PBXShellScriptBuildPhase section */

/* Begin PBXSourcesBuildPhase section */
		BFE6ED452AC3558400471F75 /* Sources */ = {
			isa = PBXSourcesBuildPhase;
			buildActionMask = 2147483647;
			files = (
				BFAD19DD2ACBB75A008838A7 /* PHPhotoLibraryExtension.swift in Sources */,
				BF7FC7712AC500C300EBDF11 /* CarouselView.swift in Sources */,
				BF7FC7852AC78CAA00EBDF11 /* MoustacheSCNNode.swift in Sources */,
				BF7FC7752AC510D000EBDF11 /* CarouselViewModel.swift in Sources */,
				BFE6ED662AC363F900471F75 /* RecordButton.swift in Sources */,
				BFE6ED4D2AC3558400471F75 /* AppDelegate.swift in Sources */,
				BFC54A602ACD2B7B00681C72 /* DataPersistenceManager.swift in Sources */,
				BFC54A5A2ACCB12300681C72 /* RecordingSession.swift in Sources */,
				BF7FC7892AC8F01300EBDF11 /* CarouselView+CollectionView.swift in Sources */,
				BF7FC7822AC785E600EBDF11 /* VideoViewController+ARSCNViewDelegate.swift in Sources */,
				BF7FC7732AC5019600EBDF11 /* CarouselCell.swift in Sources */,
				BF7FC77B2AC53AD300EBDF11 /* Constants.swift in Sources */,
				BFE6ED622AC35A4400471F75 /* VideoViewController.swift in Sources */,
				BF7FC7772AC5306E00EBDF11 /* CarouselView+ScrollView.swift in Sources */,
				BFE6ED4F2AC3558400471F75 /* SceneDelegate.swift in Sources */,
				BF7FC7802AC7841400EBDF11 /* VideoViewController+UI.swift in Sources */,
				BFAD19E52ACBDA14008838A7 /* RecordingListViewController+UI.swift in Sources */,
				BF96E8B72ACB303E00ACCCBF /* VideoViewController+RecordButtonDelegate.swift in Sources */,
				BFAD19E32ACBC893008838A7 /* RecordingListViewModel.swift in Sources */,
				BFAD19E02ACBC1F8008838A7 /* RecordingListViewController.swift in Sources */,
				BF7FC7792AC5316100EBDF11 /* CarouselConstants.swift in Sources */,
				BFC54A542ACC86B100681C72 /* RecordingListCell.swift in Sources */,
				BFC54A562ACC98FB00681C72 /* CustomAlertController.swift in Sources */,
				BF96E8BC2ACB34C700ACCCBF /* UIViewControllerExtension.swift in Sources */,
				BF7FC78B2AC8F10F00EBDF11 /* VideoViewController+CarouselViewDelegate.swift in Sources */,
				BFC54A582ACCAA3400681C72 /* VideoViewController+CustomAlertControllerDelegate.swift in Sources */,
				BFAD19E72ACBE04B008838A7 /* RecordingListViewController+TableView.swift in Sources */,
				BF7FC7872AC8EE0F00EBDF11 /* CarouselViewDelegate.swift in Sources */,
				BFC54A5D2ACD29D500681C72 /* FaceARModel.xcdatamodeld in Sources */,
			);
			runOnlyForDeploymentPostprocessing = 0;
		};
/* End PBXSourcesBuildPhase section */

/* Begin PBXVariantGroup section */
		BFE6ED572AC3558500471F75 /* LaunchScreen.storyboard */ = {
			isa = PBXVariantGroup;
			children = (
				BFE6ED582AC3558500471F75 /* Base */,
			);
			name = LaunchScreen.storyboard;
			sourceTree = "<group>";
		};
/* End PBXVariantGroup section */

/* Begin XCBuildConfiguration section */
		BFE6ED5B2AC3558500471F75 /* Debug */ = {
			isa = XCBuildConfiguration;
			buildSettings = {
				ALWAYS_SEARCH_USER_PATHS = NO;
				CLANG_ANALYZER_NONNULL = YES;
				CLANG_ANALYZER_NUMBER_OBJECT_CONVERSION = YES_AGGRESSIVE;
				CLANG_CXX_LANGUAGE_STANDARD = "gnu++20";
				CLANG_ENABLE_MODULES = YES;
				CLANG_ENABLE_OBJC_ARC = YES;
				CLANG_ENABLE_OBJC_WEAK = YES;
				CLANG_WARN_BLOCK_CAPTURE_AUTORELEASING = YES;
				CLANG_WARN_BOOL_CONVERSION = YES;
				CLANG_WARN_COMMA = YES;
				CLANG_WARN_CONSTANT_CONVERSION = YES;
				CLANG_WARN_DEPRECATED_OBJC_IMPLEMENTATIONS = YES;
				CLANG_WARN_DIRECT_OBJC_ISA_USAGE = YES_ERROR;
				CLANG_WARN_DOCUMENTATION_COMMENTS = YES;
				CLANG_WARN_EMPTY_BODY = YES;
				CLANG_WARN_ENUM_CONVERSION = YES;
				CLANG_WARN_INFINITE_RECURSION = YES;
				CLANG_WARN_INT_CONVERSION = YES;
				CLANG_WARN_NON_LITERAL_NULL_CONVERSION = YES;
				CLANG_WARN_OBJC_IMPLICIT_RETAIN_SELF = YES;
				CLANG_WARN_OBJC_LITERAL_CONVERSION = YES;
				CLANG_WARN_OBJC_ROOT_CLASS = YES_ERROR;
				CLANG_WARN_QUOTED_INCLUDE_IN_FRAMEWORK_HEADER = YES;
				CLANG_WARN_RANGE_LOOP_ANALYSIS = YES;
				CLANG_WARN_STRICT_PROTOTYPES = YES;
				CLANG_WARN_SUSPICIOUS_MOVE = YES;
				CLANG_WARN_UNGUARDED_AVAILABILITY = YES_AGGRESSIVE;
				CLANG_WARN_UNREACHABLE_CODE = YES;
				CLANG_WARN__DUPLICATE_METHOD_MATCH = YES;
				COPY_PHASE_STRIP = NO;
				DEBUG_INFORMATION_FORMAT = dwarf;
				ENABLE_STRICT_OBJC_MSGSEND = YES;
				ENABLE_TESTABILITY = YES;
				GCC_C_LANGUAGE_STANDARD = gnu11;
				GCC_DYNAMIC_NO_PIC = NO;
				GCC_NO_COMMON_BLOCKS = YES;
				GCC_OPTIMIZATION_LEVEL = 0;
				GCC_PREPROCESSOR_DEFINITIONS = (
					"DEBUG=1",
					"$(inherited)",
				);
				GCC_WARN_64_TO_32_BIT_CONVERSION = YES;
				GCC_WARN_ABOUT_RETURN_TYPE = YES_ERROR;
				GCC_WARN_UNDECLARED_SELECTOR = YES;
				GCC_WARN_UNINITIALIZED_AUTOS = YES_AGGRESSIVE;
				GCC_WARN_UNUSED_FUNCTION = YES;
				GCC_WARN_UNUSED_VARIABLE = YES;
				IPHONEOS_DEPLOYMENT_TARGET = 16.4;
				MTL_ENABLE_DEBUG_INFO = INCLUDE_SOURCE;
				MTL_FAST_MATH = YES;
				ONLY_ACTIVE_ARCH = YES;
				SDKROOT = iphoneos;
				SWIFT_ACTIVE_COMPILATION_CONDITIONS = DEBUG;
				SWIFT_OPTIMIZATION_LEVEL = "-Onone";
			};
			name = Debug;
		};
		BFE6ED5C2AC3558500471F75 /* Release */ = {
			isa = XCBuildConfiguration;
			buildSettings = {
				ALWAYS_SEARCH_USER_PATHS = NO;
				CLANG_ANALYZER_NONNULL = YES;
				CLANG_ANALYZER_NUMBER_OBJECT_CONVERSION = YES_AGGRESSIVE;
				CLANG_CXX_LANGUAGE_STANDARD = "gnu++20";
				CLANG_ENABLE_MODULES = YES;
				CLANG_ENABLE_OBJC_ARC = YES;
				CLANG_ENABLE_OBJC_WEAK = YES;
				CLANG_WARN_BLOCK_CAPTURE_AUTORELEASING = YES;
				CLANG_WARN_BOOL_CONVERSION = YES;
				CLANG_WARN_COMMA = YES;
				CLANG_WARN_CONSTANT_CONVERSION = YES;
				CLANG_WARN_DEPRECATED_OBJC_IMPLEMENTATIONS = YES;
				CLANG_WARN_DIRECT_OBJC_ISA_USAGE = YES_ERROR;
				CLANG_WARN_DOCUMENTATION_COMMENTS = YES;
				CLANG_WARN_EMPTY_BODY = YES;
				CLANG_WARN_ENUM_CONVERSION = YES;
				CLANG_WARN_INFINITE_RECURSION = YES;
				CLANG_WARN_INT_CONVERSION = YES;
				CLANG_WARN_NON_LITERAL_NULL_CONVERSION = YES;
				CLANG_WARN_OBJC_IMPLICIT_RETAIN_SELF = YES;
				CLANG_WARN_OBJC_LITERAL_CONVERSION = YES;
				CLANG_WARN_OBJC_ROOT_CLASS = YES_ERROR;
				CLANG_WARN_QUOTED_INCLUDE_IN_FRAMEWORK_HEADER = YES;
				CLANG_WARN_RANGE_LOOP_ANALYSIS = YES;
				CLANG_WARN_STRICT_PROTOTYPES = YES;
				CLANG_WARN_SUSPICIOUS_MOVE = YES;
				CLANG_WARN_UNGUARDED_AVAILABILITY = YES_AGGRESSIVE;
				CLANG_WARN_UNREACHABLE_CODE = YES;
				CLANG_WARN__DUPLICATE_METHOD_MATCH = YES;
				COPY_PHASE_STRIP = NO;
				DEBUG_INFORMATION_FORMAT = "dwarf-with-dsym";
				ENABLE_NS_ASSERTIONS = NO;
				ENABLE_STRICT_OBJC_MSGSEND = YES;
				GCC_C_LANGUAGE_STANDARD = gnu11;
				GCC_NO_COMMON_BLOCKS = YES;
				GCC_WARN_64_TO_32_BIT_CONVERSION = YES;
				GCC_WARN_ABOUT_RETURN_TYPE = YES_ERROR;
				GCC_WARN_UNDECLARED_SELECTOR = YES;
				GCC_WARN_UNINITIALIZED_AUTOS = YES_AGGRESSIVE;
				GCC_WARN_UNUSED_FUNCTION = YES;
				GCC_WARN_UNUSED_VARIABLE = YES;
				IPHONEOS_DEPLOYMENT_TARGET = 16.4;
				MTL_ENABLE_DEBUG_INFO = NO;
				MTL_FAST_MATH = YES;
				SDKROOT = iphoneos;
				SWIFT_COMPILATION_MODE = wholemodule;
				SWIFT_OPTIMIZATION_LEVEL = "-O";
				VALIDATE_PRODUCT = YES;
			};
			name = Release;
		};
		BFE6ED5E2AC3558500471F75 /* Debug */ = {
			isa = XCBuildConfiguration;
			baseConfigurationReference = FA50B92A1792E3BB7D271021 /* Pods-FaceAR.debug.xcconfig */;
			buildSettings = {
				ASSETCATALOG_COMPILER_APPICON_NAME = AppIcon;
				ASSETCATALOG_COMPILER_GLOBAL_ACCENT_COLOR_NAME = AccentColor;
				CODE_SIGN_STYLE = Automatic;
				CURRENT_PROJECT_VERSION = 1;
				DEVELOPMENT_TEAM = P534R2B7DJ;
				GENERATE_INFOPLIST_FILE = YES;
				INFOPLIST_FILE = FaceAR/Resources/Info.plist;
				INFOPLIST_KEY_UIApplicationSupportsIndirectInputEvents = YES;
				INFOPLIST_KEY_UILaunchStoryboardName = LaunchScreen;
				INFOPLIST_KEY_UISupportedInterfaceOrientations = UIInterfaceOrientationPortrait;
				INFOPLIST_KEY_UISupportedInterfaceOrientations_iPad = "UIInterfaceOrientationLandscapeLeft UIInterfaceOrientationLandscapeRight UIInterfaceOrientationPortrait UIInterfaceOrientationPortraitUpsideDown";
				LD_RUNPATH_SEARCH_PATHS = (
					"$(inherited)",
					"@executable_path/Frameworks",
				);
				MARKETING_VERSION = 1.0;
				PRODUCT_BUNDLE_IDENTIFIER = com.brito.FaceAR;
				PRODUCT_NAME = "$(TARGET_NAME)";
				SUPPORTED_PLATFORMS = "iphoneos iphonesimulator";
				SUPPORTS_MACCATALYST = NO;
				SUPPORTS_MAC_DESIGNED_FOR_IPHONE_IPAD = NO;
				SWIFT_EMIT_LOC_STRINGS = YES;
				SWIFT_VERSION = 5.0;
				TARGETED_DEVICE_FAMILY = 1;
			};
			name = Debug;
		};
		BFE6ED5F2AC3558500471F75 /* Release */ = {
			isa = XCBuildConfiguration;
			baseConfigurationReference = 2ECDD25BB701713CD8373112 /* Pods-FaceAR.release.xcconfig */;
			buildSettings = {
				ASSETCATALOG_COMPILER_APPICON_NAME = AppIcon;
				ASSETCATALOG_COMPILER_GLOBAL_ACCENT_COLOR_NAME = AccentColor;
				CODE_SIGN_STYLE = Automatic;
				CURRENT_PROJECT_VERSION = 1;
				DEVELOPMENT_TEAM = P534R2B7DJ;
				GENERATE_INFOPLIST_FILE = YES;
				INFOPLIST_FILE = FaceAR/Resources/Info.plist;
				INFOPLIST_KEY_UIApplicationSupportsIndirectInputEvents = YES;
				INFOPLIST_KEY_UILaunchStoryboardName = LaunchScreen;
				INFOPLIST_KEY_UISupportedInterfaceOrientations = UIInterfaceOrientationPortrait;
				INFOPLIST_KEY_UISupportedInterfaceOrientations_iPad = "UIInterfaceOrientationLandscapeLeft UIInterfaceOrientationLandscapeRight UIInterfaceOrientationPortrait UIInterfaceOrientationPortraitUpsideDown";
				LD_RUNPATH_SEARCH_PATHS = (
					"$(inherited)",
					"@executable_path/Frameworks",
				);
				MARKETING_VERSION = 1.0;
				PRODUCT_BUNDLE_IDENTIFIER = com.brito.FaceAR;
				PRODUCT_NAME = "$(TARGET_NAME)";
				SUPPORTED_PLATFORMS = "iphoneos iphonesimulator";
				SUPPORTS_MACCATALYST = NO;
				SUPPORTS_MAC_DESIGNED_FOR_IPHONE_IPAD = NO;
				SWIFT_EMIT_LOC_STRINGS = YES;
				SWIFT_VERSION = 5.0;
				TARGETED_DEVICE_FAMILY = 1;
			};
			name = Release;
		};
/* End XCBuildConfiguration section */

/* Begin XCConfigurationList section */
		BFE6ED442AC3558400471F75 /* Build configuration list for PBXProject "FaceAR" */ = {
			isa = XCConfigurationList;
			buildConfigurations = (
				BFE6ED5B2AC3558500471F75 /* Debug */,
				BFE6ED5C2AC3558500471F75 /* Release */,
			);
			defaultConfigurationIsVisible = 0;
			defaultConfigurationName = Release;
		};
		BFE6ED5D2AC3558500471F75 /* Build configuration list for PBXNativeTarget "FaceAR" */ = {
			isa = XCConfigurationList;
			buildConfigurations = (
				BFE6ED5E2AC3558500471F75 /* Debug */,
				BFE6ED5F2AC3558500471F75 /* Release */,
			);
			defaultConfigurationIsVisible = 0;
			defaultConfigurationName = Release;
		};
/* End XCConfigurationList section */

/* Begin XCVersionGroup section */
		BFC54A5B2ACD29D500681C72 /* FaceARModel.xcdatamodeld */ = {
			isa = XCVersionGroup;
			children = (
				BFC54A5C2ACD29D500681C72 /* FaceARModel.xcdatamodel */,
			);
			currentVersion = BFC54A5C2ACD29D500681C72 /* FaceARModel.xcdatamodel */;
			path = FaceARModel.xcdatamodeld;
			sourceTree = "<group>";
			versionGroupType = wrapper.xcdatamodel;
		};
/* End XCVersionGroup section */
	};
	rootObject = BFE6ED412AC3558400471F75 /* Project object */;
}
